
Microsoft Visual Studio Solution File, Format Version 12.00
# Visual Studio Version 17
VisualStudioVersion = 17.4.33205.214
MinimumVisualStudioVersion = 10.0.40219.1
Project("{FAE04EC0-301F-11D3-BF4B-00C04F79EFBC}") = "WebBanHangOnline", "WebBanHangOnline\WebBanHangOnline.csproj", "{8F9FD4A5-5C00-41E0-B210-C80CDA1BF403}"
EndProject
Global
	GlobalSection(SolutionConfigurationPlatforms) = preSolution
		Debug|Any CPU = Debug|Any CPU
		Release|Any CPU = Release|Any CPU
	EndGlobalSection
	GlobalSection(ProjectConfigurationPlatforms) = postSolution
		{8F9FD4A5-5C00-41E0-B210-C80CDA1BF403}.Debug|Any CPU.ActiveCfg = Debug|Any CPU
		{8F9FD4A5-5C00-41E0-B210-C80CDA1BF403}.Debug|Any CPU.Build.0 = Debug|Any CPU
		{8F9FD4A5-5C00-41E0-B210-C80CDA1BF403}.Release|Any CPU.ActiveCfg = Release|Any CPU
		{8F9FD4A5-5C00-41E0-B210-C80CDA1BF403}.Release|Any CPU.Build.0 = Release|Any CPU
	EndGlobalSection
	GlobalSection(SolutionProperties) = preSolution
		HideSolutionNode = FALSE
	EndGlobalSection
	GlobalSection(ExtensibilityGlobals) = postSolution
		SolutionGuid = {05BEE674-65B1-4AA1-B603-5133D71BDD91}
	EndGlobalSection
EndGlobal
